{
    "_readme": [
        "This file locks the dependencies of your project to a known state",
        "Read more about it at https://getcomposer.org/doc/01-basic-usage.md#composer-lock-the-lock-file",
        "This file is @generated automatically"
    ],
    "hash": "6269f1c4ace5019e1b8a1d084a439c47",
    "packages": [
        {
            "name": "ezyang/htmlpurifier",
            "version": "dev-master",
            "source": {
                "type": "git",
                "url": "https://github.com/ezyang/htmlpurifier.git",
                "reference": "ae1828d955112356f7677c465f94f7deb7d27a40"
            },
            "dist": {
                "type": "zip",
                "url": "https://api.github.com/repos/ezyang/htmlpurifier/zipball/ae1828d955112356f7677c465f94f7deb7d27a40",
                "reference": "ae1828d955112356f7677c465f94f7deb7d27a40",
                "shasum": ""
            },
            "require": {
                "php": ">=5.2"
            },
            "type": "library",
            "autoload": {
                "psr-0": {
                    "HTMLPurifier": "library/"
                },
                "files": [
                    "library/HTMLPurifier.composer.php"
                ]
            },
            "notification-url": "https://packagist.org/downloads/",
            "license": [
                "LGPL"
            ],
            "authors": [
                {
                    "name": "Edward Z. Yang",
                    "email": "admin@htmlpurifier.org",
                    "homepage": "http://ezyang.com"
                }
            ],
            "description": "Standards compliant HTML filter written in PHP",
            "homepage": "http://htmlpurifier.org/",
            "keywords": [
                "html"
            ],
            "time": "2015-08-05 01:03:42"
        },
        {
            "name": "ircmaxell/random-lib",
            "version": "dev-master",
            "source": {
                "type": "git",
                "url": "https://github.com/ircmaxell/RandomLib.git",
                "reference": "338d2f594f7148983805ad56f47de7e47d84b2b9"
            },
            "dist": {
                "type": "zip",
                "url": "https://api.github.com/repos/ircmaxell/RandomLib/zipball/338d2f594f7148983805ad56f47de7e47d84b2b9",
                "reference": "338d2f594f7148983805ad56f47de7e47d84b2b9",
                "shasum": ""
            },
            "require": {
                "ircmaxell/security-lib": "1.1.*@dev",
                "php": ">=5.3.2"
            },
            "require-dev": {
                "mikey179/vfsstream": "1.1.*",
                "phpunit/phpunit": "3.7.*"
            },
            "type": "library",
            "extra": {
                "branch-alias": {
                    "dev-master": "1.1.x-dev"
                }
            },
            "autoload": {
                "psr-0": {
                    "RandomLib": "lib"
                }
            },
            "notification-url": "https://packagist.org/downloads/",
            "license": [
                "MIT"
            ],
            "authors": [
                {
                    "name": "Anthony Ferrara",
                    "email": "ircmaxell@ircmaxell.com",
                    "homepage": "http://blog.ircmaxell.com"
                }
            ],
            "description": "A Library For Generating Secure Random Numbers",
            "homepage": "https://github.com/ircmaxell/RandomLib",
            "keywords": [
                "cryptography",
                "random",
                "random-numbers",
                "random-strings"
            ],
            "time": "2015-04-08 13:58:58"
        },
        {
            "name": "ircmaxell/security-lib",
            "version": "v1.1.0",
            "source": {
                "type": "git",
                "url": "https://github.com/ircmaxell/SecurityLib.git",
                "reference": "f3db6de12c20c9bcd1aa3db4353a1bbe0e44e1b5"
            },
            "dist": {
                "type": "zip",
                "url": "https://api.github.com/repos/ircmaxell/SecurityLib/zipball/f3db6de12c20c9bcd1aa3db4353a1bbe0e44e1b5",
                "reference": "f3db6de12c20c9bcd1aa3db4353a1bbe0e44e1b5",
                "shasum": ""
            },
            "require": {
                "php": ">=5.3.2"
            },
            "require-dev": {
                "mikey179/vfsstream": "1.1.*"
            },
            "type": "library",
            "extra": {
                "branch-alias": {
                    "dev-master": "1.0.x-dev"
                }
            },
            "autoload": {
                "psr-0": {
                    "SecurityLib": "lib"
                }
            },
            "notification-url": "https://packagist.org/downloads/",
            "license": [
                "MIT"
            ],
            "authors": [
                {
                    "name": "Anthony Ferrara",
                    "email": "ircmaxell@ircmaxell.com",
                    "homepage": "http://blog.ircmaxell.com"
                }
            ],
            "description": "A Base Security Library",
            "homepage": "https://github.com/ircmaxell/SecurityLib",
            "time": "2015-03-20 14:31:23"
        },
        {
            "name": "ircmaxell/stauros",
            "version": "dev-master",
            "source": {
                "type": "git",
                "url": "https://github.com/ircmaxell/Stauros.git",
                "reference": "aa765e7fabdfe2487e4c5860e55615b78a042231"
            },
            "dist": {
                "type": "zip",
                "url": "https://api.github.com/repos/ircmaxell/Stauros/zipball/aa765e7fabdfe2487e4c5860e55615b78a042231",
                "reference": "aa765e7fabdfe2487e4c5860e55615b78a042231",
                "shasum": ""
            },
            "require": {
                "ezyang/htmlpurifier": "dev-master",
                "php-64bit": ">=5.5"
            },
            "require-dev": {
                "fabpot/php-cs-fixer": "1.*",
                "phpunit/phpunit": "^4.7"
            },
            "type": "library",
            "autoload": {
                "psr-4": {
                    "Stauros\\": "lib/Stauros/"
                }
            },
            "notification-url": "https://packagist.org/downloads/",
            "license": [
                "MIT"
            ],
            "authors": [
                {
                    "name": "Anthony Ferrara",
                    "email": "ircmaxell@gmail.com"
                }
            ],
            "description": "A fast XSS cleaner for PHP",
            "time": "2015-09-02 03:17:01"
        },
        {
            "name": "nikic/fast-route",
            "version": "dev-master",
            "source": {
                "type": "git",
                "url": "https://github.com/nikic/FastRoute.git",
                "reference": "1965d53e4a6e1e82802527cce72c3c1d1018a480"
            },
            "dist": {
                "type": "zip",
                "url": "https://api.github.com/repos/nikic/FastRoute/zipball/1965d53e4a6e1e82802527cce72c3c1d1018a480",
                "reference": "1965d53e4a6e1e82802527cce72c3c1d1018a480",
                "shasum": ""
            },
            "require": {
                "php": ">=5.4.0"
            },
            "type": "library",
            "autoload": {
                "psr-4": {
                    "FastRoute\\": "src/"
                },
                "files": [
                    "src/functions.php"
                ]
            },
            "notification-url": "https://packagist.org/downloads/",
            "license": [
                "BSD-3-Clause"
            ],
            "authors": [
                {
                    "name": "Nikita Popov",
                    "email": "nikic@php.net"
                }
            ],
            "description": "Fast request router for PHP",
            "keywords": [
                "router",
                "routing"
            ],
            "time": "2015-08-26 14:52:58"
        },
        {
            "name": "rdlowrey/auryn",
            "version": "dev-master",
            "source": {
                "type": "git",
                "url": "https://github.com/rdlowrey/auryn.git",
                "reference": "f57eaf665a601dbe061c8b1426d84f58c003e6a8"
            },
            "dist": {
                "type": "zip",
                "url": "https://api.github.com/repos/rdlowrey/auryn/zipball/f57eaf665a601dbe061c8b1426d84f58c003e6a8",
                "reference": "f57eaf665a601dbe061c8b1426d84f58c003e6a8",
                "shasum": ""
            },
            "require": {
                "php": ">=5.3.0"
            },
            "require-dev": {
                "athletic/athletic": "~0.1",
                "fabpot/php-cs-fixer": "~1.9",
                "phpunit/phpunit": "^4.7"
            },
            "type": "library",
            "autoload": {
                "psr-4": {
                    "Auryn\\": "lib/"
                }
            },
            "notification-url": "https://packagist.org/downloads/",
            "license": [
                "MIT"
            ],
            "authors": [
                {
                    "name": "Dan Ackroyd",
                    "email": "Danack@basereality.com",
                    "homepage": "http://www.basereality.com",
                    "role": "Developer"
                },
                {
                    "name": "Levi Morrison",
                    "email": "levim@php.net",
                    "homepage": "http://morrisonlevi.github.com/",
                    "role": "Developer"
                },
                {
                    "name": "Daniel Lowrey",
                    "email": "rdlowrey@gmail.com",
                    "homepage": "https://github.com/rdlowrey",
                    "role": "Creator / Main Developer"
                }
            ],
            "description": "Auryn is a dependency injector for bootstrapping object-oriented PHP applications.",
            "homepage": "https://github.com/rdlowrey/auryn",
            "keywords": [
                "dependency injection",
                "dic",
                "ioc"
            ],
            "time": "2015-08-26 16:31:48"
        },
        {
            "name": "tomwalder/php-gds",
            "version": "dev-master",
            "source": {
                "type": "git",
                "url": "https://github.com/tomwalder/php-gds.git",
                "reference": "a8938f81db75b79fecf29c63f2c69daf377e5e42"
            },
            "dist": {
                "type": "zip",
                "url": "https://api.github.com/repos/tomwalder/php-gds/zipball/a8938f81db75b79fecf29c63f2c69daf377e5e42",
                "reference": "a8938f81db75b79fecf29c63f2c69daf377e5e42",
                "shasum": ""
            },
            "require": {
                "php": ">=5.4.0"
            },
            "require-dev": {
                "google/apiclient": "1.1.4",
                "google/appengine-php-sdk": ">=1.9.22",
                "phpunit/phpunit": "~4.0",
                "satooshi/php-coveralls": "dev-master"
            },
            "suggest": {
                "google/apiclient": "Allows you to use the JSON API Gateway/Datastore endpoints. Tested with 1.1.3"
            },
            "type": "library",
            "autoload": {
                "classmap": [
                    "src/"
                ],
                "psr-4": {
                    "GDS\\": "src/GDS/"
                }
            },
            "notification-url": "https://packagist.org/downloads/",
            "include-path": [
                "src/"
            ],
            "license": [
                "Apache-2.0"
            ],
            "authors": [
                {
                    "name": "Tom Walder",
                    "email": "tom@docnet.nu"
                }
            ],
            "description": "Google Cloud Datastore Library for PHP",
            "homepage": "https://github.com/tomwalder/php-gds",
            "keywords": [
                "appengine",
                "cloud datastore",
                "datastore",
                "gae",
                "google",
                "nosql"
            ],
            "time": "2015-08-28 08:06:09"
        }
    ],
    "packages-dev": [
        {
            "name": "fabpot/php-cs-fixer",
            "version": "1.11.x-dev",
            "source": {
                "type": "git",
                "url": "https://github.com/FriendsOfPHP/PHP-CS-Fixer.git",
                "reference": "48341d8393a22c85f619754ab992994db1a0e7c7"
            },
            "dist": {
                "type": "zip",
                "url": "https://api.github.com/repos/FriendsOfPHP/PHP-CS-Fixer/zipball/48341d8393a22c85f619754ab992994db1a0e7c7",
                "reference": "48341d8393a22c85f619754ab992994db1a0e7c7",
                "shasum": ""
            },
            "require": {
                "ext-tokenizer": "*",
                "php": ">=5.3.6",
                "sebastian/diff": "~1.1",
                "symfony/console": "~2.3",
                "symfony/event-dispatcher": "~2.1",
                "symfony/filesystem": "~2.1",
                "symfony/finder": "~2.1",
                "symfony/process": "~2.3",
                "symfony/stopwatch": "~2.5"
            },
            "require-dev": {
                "satooshi/php-coveralls": "0.7.*@dev"
            },
            "bin": [
                "php-cs-fixer"
            ],
            "type": "application",
            "autoload": {
                "psr-4": {
                    "Symfony\\CS\\": "Symfony/CS/"
                }
            },
            "notification-url": "https://packagist.org/downloads/",
            "license": [
                "MIT"
            ],
            "authors": [
                {
                    "name": "Dariusz Rumiński",
                    "email": "dariusz.ruminski@gmail.com"
                },
                {
                    "name": "Fabien Potencier",
                    "email": "fabien@symfony.com"
                }
            ],
            "description": "A tool to automatically fix PHP code style",
            "time": "2015-08-24 16:46:19"
        },
        {
            "name": "sebastian/diff",
            "version": "dev-master",
            "source": {
                "type": "git",
                "url": "https://github.com/sebastianbergmann/diff.git",
                "reference": "6899b3e33bfbd386d88b5eea5f65f563e8793051"
            },
            "dist": {
                "type": "zip",
                "url": "https://api.github.com/repos/sebastianbergmann/diff/zipball/6899b3e33bfbd386d88b5eea5f65f563e8793051",
                "reference": "6899b3e33bfbd386d88b5eea5f65f563e8793051",
                "shasum": ""
            },
            "require": {
                "php": ">=5.3.3"
            },
            "require-dev": {
                "phpunit/phpunit": "~4.2"
            },
            "type": "library",
            "extra": {
                "branch-alias": {
                    "dev-master": "1.3-dev"
                }
            },
            "autoload": {
                "classmap": [
                    "src/"
                ]
            },
            "notification-url": "https://packagist.org/downloads/",
            "license": [
                "BSD-3-Clause"
            ],
            "authors": [
                {
                    "name": "Kore Nordmann",
                    "email": "mail@kore-nordmann.de"
                },
                {
                    "name": "Sebastian Bergmann",
                    "email": "sebastian@phpunit.de"
                }
            ],
            "description": "Diff implementation",
            "homepage": "http://www.github.com/sebastianbergmann/diff",
            "keywords": [
                "diff"
            ],
            "time": "2015-06-22 14:15:55"
        },
        {
            "name": "symfony/console",
            "version": "2.8.x-dev",
            "source": {
                "type": "git",
                "url": "https://github.com/symfony/Console.git",
                "reference": "d31246d93cd99dc57858adb5da63841d56969928"
            },
            "dist": {
                "type": "zip",
                "url": "https://api.github.com/repos/symfony/Console/zipball/d31246d93cd99dc57858adb5da63841d56969928",
                "reference": "d31246d93cd99dc57858adb5da63841d56969928",
                "shasum": ""
            },
            "require": {
                "php": ">=5.3.9"
            },
            "require-dev": {
                "psr/log": "~1.0",
                "symfony/event-dispatcher": "~2.1|~3.0.0",
                "symfony/phpunit-bridge": "~2.7|~3.0.0",
                "symfony/process": "~2.1|~3.0.0"
            },
            "suggest": {
                "psr/log": "For using the console logger",
                "symfony/event-dispatcher": "",
                "symfony/process": ""
            },
            "type": "library",
            "extra": {
                "branch-alias": {
                    "dev-master": "2.8-dev"
                }
            },
            "autoload": {
                "psr-4": {
                    "Symfony\\Component\\Console\\": ""
                }
            },
            "notification-url": "https://packagist.org/downloads/",
            "license": [
                "MIT"
            ],
            "authors": [
                {
                    "name": "Fabien Potencier",
                    "email": "fabien@symfony.com"
                },
                {
                    "name": "Symfony Community",
                    "homepage": "https://symfony.com/contributors"
                }
            ],
            "description": "Symfony Console Component",
            "homepage": "https://symfony.com",
            "time": "2015-09-01 07:33:03"
        },
        {
            "name": "symfony/event-dispatcher",
            "version": "2.8.x-dev",
            "source": {
                "type": "git",
                "url": "https://github.com/symfony/EventDispatcher.git",
                "reference": "d7246885b7fe4cb5a2786bda34362d2f0e40b730"
            },
            "dist": {
                "type": "zip",
                "url": "https://api.github.com/repos/symfony/EventDispatcher/zipball/d7246885b7fe4cb5a2786bda34362d2f0e40b730",
                "reference": "d7246885b7fe4cb5a2786bda34362d2f0e40b730",
                "shasum": ""
            },
            "require": {
                "php": ">=5.3.9"
            },
            "require-dev": {
                "psr/log": "~1.0",
                "symfony/config": "~2.0,>=2.0.5|~3.0.0",
                "symfony/dependency-injection": "~2.6|~3.0.0",
                "symfony/expression-language": "~2.6|~3.0.0",
                "symfony/phpunit-bridge": "~2.7|~3.0.0",
                "symfony/stopwatch": "~2.3|~3.0.0"
            },
            "suggest": {
                "symfony/dependency-injection": "",
                "symfony/http-kernel": ""
            },
            "type": "library",
            "extra": {
                "branch-alias": {
                    "dev-master": "2.8-dev"
                }
            },
            "autoload": {
                "psr-4": {
                    "Symfony\\Component\\EventDispatcher\\": ""
                }
            },
            "notification-url": "https://packagist.org/downloads/",
            "license": [
                "MIT"
            ],
            "authors": [
                {
                    "name": "Fabien Potencier",
                    "email": "fabien@symfony.com"
                },
                {
                    "name": "Symfony Community",
                    "homepage": "https://symfony.com/contributors"
                }
            ],
            "description": "Symfony EventDispatcher Component",
            "homepage": "https://symfony.com",
            "time": "2015-06-24 15:32:32"
        },
        {
            "name": "symfony/filesystem",
            "version": "2.8.x-dev",
            "source": {
                "type": "git",
                "url": "https://github.com/symfony/Filesystem.git",
                "reference": "b9fa06f1822de287e660130955b546777994597b"
            },
            "dist": {
                "type": "zip",
                "url": "https://api.github.com/repos/symfony/Filesystem/zipball/b9fa06f1822de287e660130955b546777994597b",
                "reference": "b9fa06f1822de287e660130955b546777994597b",
                "shasum": ""
            },
            "require": {
                "php": ">=5.3.9"
            },
            "require-dev": {
                "symfony/phpunit-bridge": "~2.7|~3.0.0"
            },
            "type": "library",
            "extra": {
                "branch-alias": {
                    "dev-master": "2.8-dev"
                }
            },
            "autoload": {
                "psr-4": {
                    "Symfony\\Component\\Filesystem\\": ""
                }
            },
            "notification-url": "https://packagist.org/downloads/",
            "license": [
                "MIT"
            ],
            "authors": [
                {
                    "name": "Fabien Potencier",
                    "email": "fabien@symfony.com"
                },
                {
                    "name": "Symfony Community",
                    "homepage": "https://symfony.com/contributors"
                }
            ],
            "description": "Symfony Filesystem Component",
            "homepage": "https://symfony.com",
            "time": "2015-08-27 07:03:53"
        },
        {
            "name": "symfony/finder",
            "version": "2.8.x-dev",
            "source": {
                "type": "git",
                "url": "https://github.com/symfony/Finder.git",
                "reference": "142440d48e10fd4b4f2ffb2d72fa0aad6f03cacf"
            },
            "dist": {
                "type": "zip",
                "url": "https://api.github.com/repos/symfony/Finder/zipball/142440d48e10fd4b4f2ffb2d72fa0aad6f03cacf",
                "reference": "142440d48e10fd4b4f2ffb2d72fa0aad6f03cacf",
                "shasum": ""
            },
            "require": {
                "php": ">=5.3.9"
            },
            "require-dev": {
                "symfony/phpunit-bridge": "~2.7|~3.0.0"
            },
            "type": "library",
            "extra": {
                "branch-alias": {
                    "dev-master": "2.8-dev"
                }
            },
            "autoload": {
                "psr-4": {
                    "Symfony\\Component\\Finder\\": ""
                }
            },
            "notification-url": "https://packagist.org/downloads/",
            "license": [
                "MIT"
            ],
            "authors": [
                {
                    "name": "Fabien Potencier",
                    "email": "fabien@symfony.com"
                },
                {
                    "name": "Symfony Community",
                    "homepage": "https://symfony.com/contributors"
                }
            ],
            "description": "Symfony Finder Component",
            "homepage": "https://symfony.com",
            "time": "2015-08-27 06:53:13"
        },
        {
            "name": "symfony/process",
            "version": "2.8.x-dev",
            "source": {
                "type": "git",
                "url": "https://github.com/symfony/Process.git",
                "reference": "fc18e378d05c6b81bcac39338bf334e053186efa"
            },
            "dist": {
                "type": "zip",
                "url": "https://api.github.com/repos/symfony/Process/zipball/fc18e378d05c6b81bcac39338bf334e053186efa",
                "reference": "fc18e378d05c6b81bcac39338bf334e053186efa",
                "shasum": ""
            },
            "require": {
                "php": ">=5.3.9"
            },
            "require-dev": {
                "symfony/phpunit-bridge": "~2.7|~3.0.0"
            },
            "type": "library",
            "extra": {
                "branch-alias": {
                    "dev-master": "2.8-dev"
                }
            },
            "autoload": {
                "psr-4": {
                    "Symfony\\Component\\Process\\": ""
                }
            },
            "notification-url": "https://packagist.org/downloads/",
            "license": [
                "MIT"
            ],
            "authors": [
                {
                    "name": "Fabien Potencier",
                    "email": "fabien@symfony.com"
                },
                {
                    "name": "Symfony Community",
                    "homepage": "https://symfony.com/contributors"
                }
            ],
            "description": "Symfony Process Component",
            "homepage": "https://symfony.com",
            "time": "2015-08-27 06:53:13"
        },
        {
            "name": "symfony/stopwatch",
            "version": "2.8.x-dev",
            "source": {
                "type": "git",
                "url": "https://github.com/symfony/Stopwatch.git",
                "reference": "028ea00079d4c230d95fadf8afdad49d463a7960"
            },
            "dist": {
                "type": "zip",
                "url": "https://api.github.com/repos/symfony/Stopwatch/zipball/028ea00079d4c230d95fadf8afdad49d463a7960",
                "reference": "028ea00079d4c230d95fadf8afdad49d463a7960",
                "shasum": ""
            },
            "require": {
                "php": ">=5.3.9"
            },
            "require-dev": {
                "symfony/phpunit-bridge": "~2.7|~3.0.0"
            },
            "type": "library",
            "extra": {
                "branch-alias": {
                    "dev-master": "2.8-dev"
                }
            },
            "autoload": {
                "psr-4": {
                    "Symfony\\Component\\Stopwatch\\": ""
                }
            },
            "notification-url": "https://packagist.org/downloads/",
            "license": [
                "MIT"
            ],
            "authors": [
                {
                    "name": "Fabien Potencier",
                    "email": "fabien@symfony.com"
                },
                {
                    "name": "Symfony Community",
                    "homepage": "https://symfony.com/contributors"
                }
            ],
            "description": "Symfony Stopwatch Component",
            "homepage": "https://symfony.com",
            "time": "2015-08-24 07:18:02"
        }
    ],
    "aliases": [],
    "minimum-stability": "dev",
    "stability-flags": {
        "nikic/fast-route": 20,
        "rdlowrey/auryn": 20,
        "tomwalder/php-gds": 20,
        "ircmaxell/random-lib": 20,
        "ircmaxell/stauros": 20
    },
    "prefer-stable": false,
    "prefer-lowest": false,
    "platform": {
        "php-64bit": ">=5.5"
    },
    "platform-dev": []
}
